
Microsoft Visual Studio Solution File, Format Version 12.00
# Visual Studio 2012
Project("{FAE04EC0-301F-11D3-BF4B-00C04F79EFBC}") = "MVCUnitTesting", "MVCUnitTesting\MVCUnitTesting.csproj", "{008B0963-784E-4840-B872-AC887B8A132C}"
EndProject
Project("{FAE04EC0-301F-11D3-BF4B-00C04F79EFBC}") = "MVCUnitTesting.Tests", "MVCUnitTesting.Tests\MVCUnitTesting.Tests.csproj", "{07A7F201-F2BF-4CE4-856D-57CF6F307C1F}"
EndProject
Global
	GlobalSection(SolutionConfigurationPlatforms) = preSolution
		Debug|Any CPU = Debug|Any CPU
		Release|Any CPU = Release|Any CPU
	EndGlobalSection
	GlobalSection(ProjectConfigurationPlatforms) = postSolution
		{008B0963-784E-4840-B872-AC887B8A132C}.Debug|Any CPU.ActiveCfg = Debug|Any CPU
		{008B0963-784E-4840-B872-AC887B8A132C}.Debug|Any CPU.Build.0 = Debug|Any CPU
		{008B0963-784E-4840-B872-AC887B8A132C}.Release|Any CPU.ActiveCfg = Release|Any CPU
		{008B0963-784E-4840-B872-AC887B8A132C}.Release|Any CPU.Build.0 = Release|Any CPU
		{07A7F201-F2BF-4CE4-856D-57CF6F307C1F}.Debug|Any CPU.ActiveCfg = Debug|Any CPU
		{07A7F201-F2BF-4CE4-856D-57CF6F307C1F}.Debug|Any CPU.Build.0 = Debug|Any CPU
		{07A7F201-F2BF-4CE4-856D-57CF6F307C1F}.Release|Any CPU.ActiveCfg = Release|Any CPU
		{07A7F201-F2BF-4CE4-856D-57CF6F307C1F}.Release|Any CPU.Build.0 = Release|Any CPU
	EndGlobalSection
	GlobalSection(SolutionProperties) = preSolution
		HideSolutionNode = FALSE
	EndGlobalSection
EndGlobal
